
Microsoft Visual Studio Solution File, Format Version 12.00
# Visual Studio Version 17
VisualStudioVersion = 17.8.34330.188
MinimumVisualStudioVersion = 10.0.40219.1
Project("{FAE04EC0-301F-11D3-BF4B-00C04F79EFBC}") = "RealApiData", "RealApiData\RealApiData.csproj", "{EFE01C52-92F3-4846-9EC1-AB0E2A7AD931}"
EndProject
Global
	GlobalSection(SolutionConfigurationPlatforms) = preSolution
		Debug|Any CPU = Debug|Any CPU
		Release|Any CPU = Release|Any CPU
	EndGlobalSection
	GlobalSection(ProjectConfigurationPlatforms) = postSolution
		{EFE01C52-92F3-4846-9EC1-AB0E2A7AD931}.Debug|Any CPU.ActiveCfg = Debug|Any CPU
		{EFE01C52-92F3-4846-9EC1-AB0E2A7AD931}.Debug|Any CPU.Build.0 = Debug|Any CPU
		{EFE01C52-92F3-4846-9EC1-AB0E2A7AD931}.Release|Any CPU.ActiveCfg = Release|Any CPU
		{EFE01C52-92F3-4846-9EC1-AB0E2A7AD931}.Release|Any CPU.Build.0 = Release|Any CPU
	EndGlobalSection
	GlobalSection(SolutionProperties) = preSolution
		HideSolutionNode = FALSE
	EndGlobalSection
	GlobalSection(ExtensibilityGlobals) = postSolution
		SolutionGuid = {30BAF673-79E4-44CE-B8AE-3101DE677253}
	EndGlobalSection
EndGlobal
